
Microsoft Visual Studio Solution File, Format Version 12.00
# Visual Studio Version 17
VisualStudioVersion = 17.5.33530.505
MinimumVisualStudioVersion = 10.0.40219.1
Project("{2150E333-8FDC-42A3-9474-1A3956D46DE8}") = "src", "src", "{82CE865A-874E-485D-B2A2-4122732EBD47}"
EndProject
Project("{2150E333-8FDC-42A3-9474-1A3956D46DE8}") = "test", "test", "{377C7DA9-4D8D-4212-8296-7E98C61C4CA2}"
EndProject
Project("{2150E333-8FDC-42A3-9474-1A3956D46DE8}") = "API", "API", "{FB4B051B-09EA-4BB0-AA49-4D6732D24C44}"
EndProject
Project("{2150E333-8FDC-42A3-9474-1A3956D46DE8}") = "Core", "Core", "{CB6210EB-B3E1-446B-B6EC-BA0FCE44EE1D}"
EndProject
Project("{2150E333-8FDC-42A3-9474-1A3956D46DE8}") = "Infrastructure", "Infrastructure", "{66C8B879-9816-402C-B84D-C1D53DEDFB18}"
EndProject
Project("{2150E333-8FDC-42A3-9474-1A3956D46DE8}") = "UI", "UI", "{11194AA9-32F9-4E5A-9DD2-F595CA0BE8CA}"
EndProject
Project("{9A19103F-16F7-4668-BE54-9A1E7A4F7556}") = "HR.LeaveManagement.Domain", "HR.LeaveManagement.Domain\HR.LeaveManagement.Domain.csproj", "{B6E96F40-C7D8-4567-8005-218C7AF9C69C}"
EndProject
Project("{9A19103F-16F7-4668-BE54-9A1E7A4F7556}") = "HR.LeaveManagement.Application", "HR.LeaveManagement.Application\HR.LeaveManagement.Application.csproj", "{EAA3F08D-5D4C-4B32-877A-F36005174B03}"
EndProject
Project("{9A19103F-16F7-4668-BE54-9A1E7A4F7556}") = "HR.LeaveManagement.Persistence", "HR.LeaveManagement.Persistence\HR.LeaveManagement.Persistence.csproj", "{E61B58F0-9A4E-454D-959E-5A0CE4DA896F}"
EndProject
Project("{9A19103F-16F7-4668-BE54-9A1E7A4F7556}") = "HR.LeaveManagement.Infrastructure", "HR.LeaveManagement.Infrastructure\HR.LeaveManagement.Infrastructure.csproj", "{72BC16E1-D8B8-4D57-A2EB-594D54E54528}"
EndProject
Project("{FAE04EC0-301F-11D3-BF4B-00C04F79EFBC}") = "HR.LeaveManagement.API", "HR.LeaveManagement.API\HR.LeaveManagement.API.csproj", "{01AA9938-7855-4987-8E59-50178536BE44}"
EndProject
Global
	GlobalSection(SolutionConfigurationPlatforms) = preSolution
		Debug|Any CPU = Debug|Any CPU
		Release|Any CPU = Release|Any CPU
	EndGlobalSection
	GlobalSection(ProjectConfigurationPlatforms) = postSolution
		{B6E96F40-C7D8-4567-8005-218C7AF9C69C}.Debug|Any CPU.ActiveCfg = Debug|Any CPU
		{B6E96F40-C7D8-4567-8005-218C7AF9C69C}.Debug|Any CPU.Build.0 = Debug|Any CPU
		{B6E96F40-C7D8-4567-8005-218C7AF9C69C}.Release|Any CPU.ActiveCfg = Release|Any CPU
		{B6E96F40-C7D8-4567-8005-218C7AF9C69C}.Release|Any CPU.Build.0 = Release|Any CPU
		{EAA3F08D-5D4C-4B32-877A-F36005174B03}.Debug|Any CPU.ActiveCfg = Debug|Any CPU
		{EAA3F08D-5D4C-4B32-877A-F36005174B03}.Debug|Any CPU.Build.0 = Debug|Any CPU
		{EAA3F08D-5D4C-4B32-877A-F36005174B03}.Release|Any CPU.ActiveCfg = Release|Any CPU
		{EAA3F08D-5D4C-4B32-877A-F36005174B03}.Release|Any CPU.Build.0 = Release|Any CPU
		{E61B58F0-9A4E-454D-959E-5A0CE4DA896F}.Debug|Any CPU.ActiveCfg = Debug|Any CPU
		{E61B58F0-9A4E-454D-959E-5A0CE4DA896F}.Debug|Any CPU.Build.0 = Debug|Any CPU
		{E61B58F0-9A4E-454D-959E-5A0CE4DA896F}.Release|Any CPU.ActiveCfg = Release|Any CPU
		{E61B58F0-9A4E-454D-959E-5A0CE4DA896F}.Release|Any CPU.Build.0 = Release|Any CPU
		{72BC16E1-D8B8-4D57-A2EB-594D54E54528}.Debug|Any CPU.ActiveCfg = Debug|Any CPU
		{72BC16E1-D8B8-4D57-A2EB-594D54E54528}.Debug|Any CPU.Build.0 = Debug|Any CPU
		{72BC16E1-D8B8-4D57-A2EB-594D54E54528}.Release|Any CPU.ActiveCfg = Release|Any CPU
		{72BC16E1-D8B8-4D57-A2EB-594D54E54528}.Release|Any CPU.Build.0 = Release|Any CPU
		{01AA9938-7855-4987-8E59-50178536BE44}.Debug|Any CPU.ActiveCfg = Debug|Any CPU
		{01AA9938-7855-4987-8E59-50178536BE44}.Debug|Any CPU.Build.0 = Debug|Any CPU
		{01AA9938-7855-4987-8E59-50178536BE44}.Release|Any CPU.ActiveCfg = Release|Any CPU
		{01AA9938-7855-4987-8E59-50178536BE44}.Release|Any CPU.Build.0 = Release|Any CPU
	EndGlobalSection
	GlobalSection(SolutionProperties) = preSolution
		HideSolutionNode = FALSE
	EndGlobalSection
	GlobalSection(NestedProjects) = preSolution
		{FB4B051B-09EA-4BB0-AA49-4D6732D24C44} = {82CE865A-874E-485D-B2A2-4122732EBD47}
		{CB6210EB-B3E1-446B-B6EC-BA0FCE44EE1D} = {82CE865A-874E-485D-B2A2-4122732EBD47}
		{66C8B879-9816-402C-B84D-C1D53DEDFB18} = {82CE865A-874E-485D-B2A2-4122732EBD47}
		{11194AA9-32F9-4E5A-9DD2-F595CA0BE8CA} = {82CE865A-874E-485D-B2A2-4122732EBD47}
		{B6E96F40-C7D8-4567-8005-218C7AF9C69C} = {CB6210EB-B3E1-446B-B6EC-BA0FCE44EE1D}
		{EAA3F08D-5D4C-4B32-877A-F36005174B03} = {CB6210EB-B3E1-446B-B6EC-BA0FCE44EE1D}
		{E61B58F0-9A4E-454D-959E-5A0CE4DA896F} = {66C8B879-9816-402C-B84D-C1D53DEDFB18}
		{72BC16E1-D8B8-4D57-A2EB-594D54E54528} = {66C8B879-9816-402C-B84D-C1D53DEDFB18}
		{01AA9938-7855-4987-8E59-50178536BE44} = {FB4B051B-09EA-4BB0-AA49-4D6732D24C44}
	EndGlobalSection
	GlobalSection(ExtensibilityGlobals) = postSolution
		SolutionGuid = {A9893854-E588-4739-A93C-469F3CF74CE6}
	EndGlobalSection
EndGlobal
